// !$*UTF8*$!
{
	archiveVersion = 1;
	classes = {
	};
	objectVersion = 56;
	objects = {

/* Begin PBXBuildFile section */
		7110D9EF2AB9B21F00C71468 /* ProfileView.swift in Sources */ = {isa = PBXBuildFile; fileRef = 7110D9EE2AB9B21F00C71468 /* ProfileView.swift */; };
		71712DFD2AB86D290084F54D /* ShoppingChartView.swift in Sources */ = {isa = PBXBuildFile; fileRef = 71712DFC2AB86D290084F54D /* ShoppingChartView.swift */; };
		71712DFF2AB86DCC0084F54D /* SettingsView.swift in Sources */ = {isa = PBXBuildFile; fileRef = 71712DFE2AB86DCC0084F54D /* SettingsView.swift */; };
		71751E872AC2F46000897EAF /* lesson3Tests.swift in Sources */ = {isa = PBXBuildFile; fileRef = 71751E862AC2F46000897EAF /* lesson3Tests.swift */; };
		71751E912AC2FA0200897EAF /* ProductImage.swift in Sources */ = {isa = PBXBuildFile; fileRef = 71751E902AC2FA0200897EAF /* ProductImage.swift */; };
		717F44B42AAF2831000DCFE4 /* AddProductView.swift in Sources */ = {isa = PBXBuildFile; fileRef = 717F44B32AAF2831000DCFE4 /* AddProductView.swift */; };
		71A2AE262AA5F90E00F97E60 /* Product.swift in Sources */ = {isa = PBXBuildFile; fileRef = 71A2AE252AA5F90E00F97E60 /* Product.swift */; };
		71A2AE282AA6067B00F97E60 /* ProductDTView.swift in Sources */ = {isa = PBXBuildFile; fileRef = 71A2AE272AA6067B00F97E60 /* ProductDTView.swift */; };
		71AB647E2AA5E6CE009A2B6F /* lesson3App.swift in Sources */ = {isa = PBXBuildFile; fileRef = 71AB647D2AA5E6CE009A2B6F /* lesson3App.swift */; };
		71AB64802AA5E6CE009A2B6F /* ProductListView.swift in Sources */ = {isa = PBXBuildFile; fileRef = 71AB647F2AA5E6CE009A2B6F /* ProductListView.swift */; };
		71AB64822AA5E6D0009A2B6F /* Assets.xcassets in Resources */ = {isa = PBXBuildFile; fileRef = 71AB64812AA5E6D0009A2B6F /* Assets.xcassets */; };
		71AB64852AA5E6D0009A2B6F /* Preview Assets.xcassets in Resources */ = {isa = PBXBuildFile; fileRef = 71AB64842AA5E6D0009A2B6F /* Preview Assets.xcassets */; };
		71AEC4C72AB073F900C07393 /* UpdateProductView.swift in Sources */ = {isa = PBXBuildFile; fileRef = 71AEC4C62AB073F900C07393 /* UpdateProductView.swift */; };
		71B302CA2AC1984900D9C528 /* KeychainSwift in Frameworks */ = {isa = PBXBuildFile; productRef = 71B302C92AC1984900D9C528 /* KeychainSwift */; };
/* End PBXBuildFile section */

/* Begin PBXContainerItemProxy section */
		71751E882AC2F46000897EAF /* PBXContainerItemProxy */ = {
			isa = PBXContainerItemProxy;
			containerPortal = 71AB64722AA5E6CD009A2B6F /* Project object */;
			proxyType = 1;
			remoteGlobalIDString = 71AB64792AA5E6CD009A2B6F;
			remoteInfo = lesson3;
		};
/* End PBXContainerItemProxy section */

/* Begin PBXFileReference section */
		7110D9EE2AB9B21F00C71468 /* ProfileView.swift */ = {isa = PBXFileReference; lastKnownFileType = sourcecode.swift; path = ProfileView.swift; sourceTree = "<group>"; };
		71712DFC2AB86D290084F54D /* ShoppingChartView.swift */ = {isa = PBXFileReference; lastKnownFileType = sourcecode.swift; path = ShoppingChartView.swift; sourceTree = "<group>"; };
		71712DFE2AB86DCC0084F54D /* SettingsView.swift */ = {isa = PBXFileReference; lastKnownFileType = sourcecode.swift; path = SettingsView.swift; sourceTree = "<group>"; };
		71751E842AC2F46000897EAF /* lesson3Tests.xctest */ = {isa = PBXFileReference; explicitFileType = wrapper.cfbundle; includeInIndex = 0; path = lesson3Tests.xctest; sourceTree = BUILT_PRODUCTS_DIR; };
		71751E862AC2F46000897EAF /* lesson3Tests.swift */ = {isa = PBXFileReference; lastKnownFileType = sourcecode.swift; path = lesson3Tests.swift; sourceTree = "<group>"; };
		71751E902AC2FA0200897EAF /* ProductImage.swift */ = {isa = PBXFileReference; lastKnownFileType = sourcecode.swift; path = ProductImage.swift; sourceTree = "<group>"; };
		717F44B32AAF2831000DCFE4 /* AddProductView.swift */ = {isa = PBXFileReference; lastKnownFileType = sourcecode.swift; path = AddProductView.swift; sourceTree = "<group>"; };
		71A2AE252AA5F90E00F97E60 /* Product.swift */ = {isa = PBXFileReference; lastKnownFileType = sourcecode.swift; path = Product.swift; sourceTree = "<group>"; };
		71A2AE272AA6067B00F97E60 /* ProductDTView.swift */ = {isa = PBXFileReference; lastKnownFileType = sourcecode.swift; path = ProductDTView.swift; sourceTree = "<group>"; };
		71AB647A2AA5E6CE009A2B6F /* lesson3.app */ = {isa = PBXFileReference; explicitFileType = wrapper.application; includeInIndex = 0; path = lesson3.app; sourceTree = BUILT_PRODUCTS_DIR; };
		71AB647D2AA5E6CE009A2B6F /* lesson3App.swift */ = {isa = PBXFileReference; lastKnownFileType = sourcecode.swift; path = lesson3App.swift; sourceTree = "<group>"; };
		71AB647F2AA5E6CE009A2B6F /* ProductListView.swift */ = {isa = PBXFileReference; lastKnownFileType = sourcecode.swift; path = ProductListView.swift; sourceTree = "<group>"; };
		71AB64812AA5E6D0009A2B6F /* Assets.xcassets */ = {isa = PBXFileReference; lastKnownFileType = folder.assetcatalog; path = Assets.xcassets; sourceTree = "<group>"; };
		71AB64842AA5E6D0009A2B6F /* Preview Assets.xcassets */ = {isa = PBXFileReference; lastKnownFileType = folder.assetcatalog; path = "Preview Assets.xcassets"; sourceTree = "<group>"; };
		71AEC4C62AB073F900C07393 /* UpdateProductView.swift */ = {isa = PBXFileReference; lastKnownFileType = sourcecode.swift; path = UpdateProductView.swift; sourceTree = "<group>"; };
/* End PBXFileReference section */

/* Begin PBXFrameworksBuildPhase section */
		71751E812AC2F46000897EAF /* Frameworks */ = {
			isa = PBXFrameworksBuildPhase;
			buildActionMask = 2147483647;
			files = (
			);
			runOnlyForDeploymentPostprocessing = 0;
		};
		71AB64772AA5E6CD009A2B6F /* Frameworks */ = {
			isa = PBXFrameworksBuildPhase;
			buildActionMask = 2147483647;
			files = (
				71B302CA2AC1984900D9C528 /* KeychainSwift in Frameworks */,
			);
			runOnlyForDeploymentPostprocessing = 0;
		};
/* End PBXFrameworksBuildPhase section */

/* Begin PBXGroup section */
		71751E852AC2F46000897EAF /* lesson3Tests */ = {
			isa = PBXGroup;
			children = (
				71751E862AC2F46000897EAF /* lesson3Tests.swift */,
			);
			path = lesson3Tests;
			sourceTree = "<group>";
		};
		71AB64712AA5E6CD009A2B6F = {
			isa = PBXGroup;
			children = (
				71AB647C2AA5E6CE009A2B6F /* lesson3 */,
				71751E852AC2F46000897EAF /* lesson3Tests */,
				71AB647B2AA5E6CE009A2B6F /* Products */,
			);
			sourceTree = "<group>";
		};
		71AB647B2AA5E6CE009A2B6F /* Products */ = {
			isa = PBXGroup;
			children = (
				71AB647A2AA5E6CE009A2B6F /* lesson3.app */,
				71751E842AC2F46000897EAF /* lesson3Tests.xctest */,
			);
			name = Products;
			sourceTree = "<group>";
		};
		71AB647C2AA5E6CE009A2B6F /* lesson3 */ = {
			isa = PBXGroup;
			children = (
				71A2AE252AA5F90E00F97E60 /* Product.swift */,
				71AB647F2AA5E6CE009A2B6F /* ProductListView.swift */,
				71712DFE2AB86DCC0084F54D /* SettingsView.swift */,
				7110D9EE2AB9B21F00C71468 /* ProfileView.swift */,
				71712DFC2AB86D290084F54D /* ShoppingChartView.swift */,
				71AEC4C62AB073F900C07393 /* UpdateProductView.swift */,
				717F44B32AAF2831000DCFE4 /* AddProductView.swift */,
				71A2AE272AA6067B00F97E60 /* ProductDTView.swift */,
				71AB647D2AA5E6CE009A2B6F /* lesson3App.swift */,
				71AB64812AA5E6D0009A2B6F /* Assets.xcassets */,
				71AB64832AA5E6D0009A2B6F /* Preview Content */,
				71751E902AC2FA0200897EAF /* ProductImage.swift */,
			);
			path = lesson3;
			sourceTree = "<group>";
		};
		71AB64832AA5E6D0009A2B6F /* Preview Content */ = {
			isa = PBXGroup;
			children = (
				71AB64842AA5E6D0009A2B6F /* Preview Assets.xcassets */,
			);
			path = "Preview Content";
			sourceTree = "<group>";
		};
/* End PBXGroup section */

/* Begin PBXNativeTarget section */
		71751E832AC2F46000897EAF /* lesson3Tests */ = {
			isa = PBXNativeTarget;
			buildConfigurationList = 71751E8A2AC2F46000897EAF /* Build configuration list for PBXNativeTarget "lesson3Tests" */;
			buildPhases = (
				71751E802AC2F46000897EAF /* Sources */,
				71751E812AC2F46000897EAF /* Frameworks */,
				71751E822AC2F46000897EAF /* Resources */,
			);
			buildRules = (
			);
			dependencies = (
				71751E892AC2F46000897EAF /* PBXTargetDependency */,
			);
			name = lesson3Tests;
			productName = lesson3Tests;
			productReference = 71751E842AC2F46000897EAF /* lesson3Tests.xctest */;
			productType = "com.apple.product-type.bundle.unit-test";
		};
		71AB64792AA5E6CD009A2B6F /* lesson3 */ = {
			isa = PBXNativeTarget;
			buildConfigurationList = 71AB64882AA5E6D0009A2B6F /* Build configuration list for PBXNativeTarget "lesson3" */;
			buildPhases = (
				71AB64762AA5E6CD009A2B6F /* Sources */,
				71AB64772AA5E6CD009A2B6F /* Frameworks */,
				71AB64782AA5E6CD009A2B6F /* Resources */,
			);
			buildRules = (
			);
			dependencies = (
			);
			name = lesson3;
			packageProductDependencies = (
				71B302C92AC1984900D9C528 /* KeychainSwift */,
			);
			productName = lesson3;
			productReference = 71AB647A2AA5E6CE009A2B6F /* lesson3.app */;
			productType = "com.apple.product-type.application";
		};
/* End PBXNativeTarget section */

/* Begin PBXProject section */
		71AB64722AA5E6CD009A2B6F /* Project object */ = {
			isa = PBXProject;
			attributes = {
				BuildIndependentTargetsInParallel = 1;
				LastSwiftUpdateCheck = 1430;
				LastUpgradeCheck = 1430;
				TargetAttributes = {
					71751E832AC2F46000897EAF = {
						CreatedOnToolsVersion = 14.3.1;
						TestTargetID = 71AB64792AA5E6CD009A2B6F;
					};
					71AB64792AA5E6CD009A2B6F = {
						CreatedOnToolsVersion = 14.3.1;
					};
				};
			};
			buildConfigurationList = 71AB64752AA5E6CD009A2B6F /* Build configuration list for PBXProject "lesson3" */;
			compatibilityVersion = "Xcode 14.0";
			developmentRegion = en;
			hasScannedForEncodings = 0;
			knownRegions = (
				en,
				Base,
			);
			mainGroup = 71AB64712AA5E6CD009A2B6F;
			packageReferences = (
				71B302C82AC1984800D9C528 /* XCRemoteSwiftPackageReference "keychain-swift" */,
			);
			productRefGroup = 71AB647B2AA5E6CE009A2B6F /* Products */;
			projectDirPath = "";
			projectRoot = "";
			targets = (
				71AB64792AA5E6CD009A2B6F /* lesson3 */,
				71751E832AC2F46000897EAF /* lesson3Tests */,
			);
		};
/* End PBXProject section */

/* Begin PBXResourcesBuildPhase section */
		71751E822AC2F46000897EAF /* Resources */ = {
			isa = PBXResourcesBuildPhase;
			buildActionMask = 2147483647;
			files = (
			);
			runOnlyForDeploymentPostprocessing = 0;
		};
		71AB64782AA5E6CD009A2B6F /* Resources */ = {
			isa = PBXResourcesBuildPhase;
			buildActionMask = 2147483647;
			files = (
				71AB64852AA5E6D0009A2B6F /* Preview Assets.xcassets in Resources */,
				71AB64822AA5E6D0009A2B6F /* Assets.xcassets in Resources */,
			);
			runOnlyForDeploymentPostprocessing = 0;
		};
/* End PBXResourcesBuildPhase section */

/* Begin PBXSourcesBuildPhase section */
		71751E802AC2F46000897EAF /* Sources */ = {
			isa = PBXSourcesBuildPhase;
			buildActionMask = 2147483647;
			files = (
				71751E872AC2F46000897EAF /* lesson3Tests.swift in Sources */,
			);
			runOnlyForDeploymentPostprocessing = 0;
		};
		71AB64762AA5E6CD009A2B6F /* Sources */ = {
			isa = PBXSourcesBuildPhase;
			buildActionMask = 2147483647;
			files = (
				71A2AE282AA6067B00F97E60 /* ProductDTView.swift in Sources */,
				7110D9EF2AB9B21F00C71468 /* ProfileView.swift in Sources */,
				71712DFF2AB86DCC0084F54D /* SettingsView.swift in Sources */,
				71712DFD2AB86D290084F54D /* ShoppingChartView.swift in Sources */,
				71A2AE262AA5F90E00F97E60 /* Product.swift in Sources */,
				71AB64802AA5E6CE009A2B6F /* ProductListView.swift in Sources */,
				71AEC4C72AB073F900C07393 /* UpdateProductView.swift in Sources */,
				71751E912AC2FA0200897EAF /* ProductImage.swift in Sources */,
				71AB647E2AA5E6CE009A2B6F /* lesson3App.swift in Sources */,
				717F44B42AAF2831000DCFE4 /* AddProductView.swift in Sources */,
			);
			runOnlyForDeploymentPostprocessing = 0;
		};
/* End PBXSourcesBuildPhase section */

/* Begin PBXTargetDependency section */
		71751E892AC2F46000897EAF /* PBXTargetDependency */ = {
			isa = PBXTargetDependency;
			target = 71AB64792AA5E6CD009A2B6F /* lesson3 */;
			targetProxy = 71751E882AC2F46000897EAF /* PBXContainerItemProxy */;
		};
/* End PBXTargetDependency section */

/* Begin XCBuildConfiguration section */
		71751E8B2AC2F46000897EAF /* Debug */ = {
			isa = XCBuildConfiguration;
			buildSettings = {
				BUNDLE_LOADER = "$(TEST_HOST)";
				CODE_SIGN_STYLE = Automatic;
				CURRENT_PROJECT_VERSION = 1;
				GENERATE_INFOPLIST_FILE = YES;
				MARKETING_VERSION = 1.0;
				PRODUCT_BUNDLE_IDENTIFIER = com.rinseo.lesson3Tests;
				PRODUCT_NAME = "$(TARGET_NAME)";
				SWIFT_EMIT_LOC_STRINGS = NO;
				SWIFT_VERSION = 5.0;
				TARGETED_DEVICE_FAMILY = "1,2";
				TEST_HOST = "$(BUILT_PRODUCTS_DIR)/lesson3.app/$(BUNDLE_EXECUTABLE_FOLDER_PATH)/lesson3";
			};
			name = Debug;
		};
		71751E8C2AC2F46000897EAF /* Release */ = {
			isa = XCBuildConfiguration;
			buildSettings = {
				BUNDLE_LOADER = "$(TEST_HOST)";
				CODE_SIGN_STYLE = Automatic;
				CURRENT_PROJECT_VERSION = 1;
				GENERATE_INFOPLIST_FILE = YES;
				MARKETING_VERSION = 1.0;
				PRODUCT_BUNDLE_IDENTIFIER = com.rinseo.lesson3Tests;
				PRODUCT_NAME = "$(TARGET_NAME)";
				SWIFT_EMIT_LOC_STRINGS = NO;
				SWIFT_VERSION = 5.0;
				TARGETED_DEVICE_FAMILY = "1,2";
				TEST_HOST = "$(BUILT_PRODUCTS_DIR)/lesson3.app/$(BUNDLE_EXECUTABLE_FOLDER_PATH)/lesson3";
			};
			name = Release;
		};
		71AB64862AA5E6D0009A2B6F /* Debug */ = {
			isa = XCBuildConfiguration;
			buildSettings = {
				ALWAYS_SEARCH_USER_PATHS = NO;
				CLANG_ANALYZER_NONNULL = YES;
				CLANG_ANALYZER_NUMBER_OBJECT_CONVERSION = YES_AGGRESSIVE;
				CLANG_CXX_LANGUAGE_STANDARD = "gnu++20";
				CLANG_ENABLE_MODULES = YES;
				CLANG_ENABLE_OBJC_ARC = YES;
				CLANG_ENABLE_OBJC_WEAK = YES;
				CLANG_WARN_BLOCK_CAPTURE_AUTORELEASING = YES;
				CLANG_WARN_BOOL_CONVERSION = YES;
				CLANG_WARN_COMMA = YES;
				CLANG_WARN_CONSTANT_CONVERSION = YES;
				CLANG_WARN_DEPRECATED_OBJC_IMPLEMENTATIONS = YES;
				CLANG_WARN_DIRECT_OBJC_ISA_USAGE = YES_ERROR;
				CLANG_WARN_DOCUMENTATION_COMMENTS = YES;
				CLANG_WARN_EMPTY_BODY = YES;
				CLANG_WARN_ENUM_CONVERSION = YES;
				CLANG_WARN_INFINITE_RECURSION = YES;
				CLANG_WARN_INT_CONVERSION = YES;
				CLANG_WARN_NON_LITERAL_NULL_CONVERSION = YES;
				CLANG_WARN_OBJC_IMPLICIT_RETAIN_SELF = YES;
				CLANG_WARN_OBJC_LITERAL_CONVERSION = YES;
				CLANG_WARN_OBJC_ROOT_CLASS = YES_ERROR;
				CLANG_WARN_QUOTED_INCLUDE_IN_FRAMEWORK_HEADER = YES;
				CLANG_WARN_RANGE_LOOP_ANALYSIS = YES;
				CLANG_WARN_STRICT_PROTOTYPES = YES;
				CLANG_WARN_SUSPICIOUS_MOVE = YES;
				CLANG_WARN_UNGUARDED_AVAILABILITY = YES_AGGRESSIVE;
				CLANG_WARN_UNREACHABLE_CODE = YES;
				CLANG_WARN__DUPLICATE_METHOD_MATCH = YES;
				COPY_PHASE_STRIP = NO;
				DEBUG_INFORMATION_FORMAT = dwarf;
				ENABLE_STRICT_OBJC_MSGSEND = YES;
				ENABLE_TESTABILITY = YES;
				GCC_C_LANGUAGE_STANDARD = gnu11;
				GCC_DYNAMIC_NO_PIC = NO;
				GCC_NO_COMMON_BLOCKS = YES;
				GCC_OPTIMIZATION_LEVEL = 0;
				GCC_PREPROCESSOR_DEFINITIONS = (
					"DEBUG=1",
					"$(inherited)",
				);
				GCC_WARN_64_TO_32_BIT_CONVERSION = YES;
				GCC_WARN_ABOUT_RETURN_TYPE = YES_ERROR;
				GCC_WARN_UNDECLARED_SELECTOR = YES;
				GCC_WARN_UNINITIALIZED_AUTOS = YES_AGGRESSIVE;
				GCC_WARN_UNUSED_FUNCTION = YES;
				GCC_WARN_UNUSED_VARIABLE = YES;
				IPHONEOS_DEPLOYMENT_TARGET = 16.4;
				MTL_ENABLE_DEBUG_INFO = INCLUDE_SOURCE;
				MTL_FAST_MATH = YES;
				ONLY_ACTIVE_ARCH = YES;
				SDKROOT = iphoneos;
				SWIFT_ACTIVE_COMPILATION_CONDITIONS = DEBUG;
				SWIFT_OPTIMIZATION_LEVEL = "-Onone";
			};
			name = Debug;
		};
		71AB64872AA5E6D0009A2B6F /* Release */ = {
			isa = XCBuildConfiguration;
			buildSettings = {
				ALWAYS_SEARCH_USER_PATHS = NO;
				CLANG_ANALYZER_NONNULL = YES;
				CLANG_ANALYZER_NUMBER_OBJECT_CONVERSION = YES_AGGRESSIVE;
				CLANG_CXX_LANGUAGE_STANDARD = "gnu++20";
				CLANG_ENABLE_MODULES = YES;
				CLANG_ENABLE_OBJC_ARC = YES;
				CLANG_ENABLE_OBJC_WEAK = YES;
				CLANG_WARN_BLOCK_CAPTURE_AUTORELEASING = YES;
				CLANG_WARN_BOOL_CONVERSION = YES;
				CLANG_WARN_COMMA = YES;
				CLANG_WARN_CONSTANT_CONVERSION = YES;
				CLANG_WARN_DEPRECATED_OBJC_IMPLEMENTATIONS = YES;
				CLANG_WARN_DIRECT_OBJC_ISA_USAGE = YES_ERROR;
				CLANG_WARN_DOCUMENTATION_COMMENTS = YES;
				CLANG_WARN_EMPTY_BODY = YES;
				CLANG_WARN_ENUM_CONVERSION = YES;
				CLANG_WARN_INFINITE_RECURSION = YES;
				CLANG_WARN_INT_CONVERSION = YES;
				CLANG_WARN_NON_LITERAL_NULL_CONVERSION = YES;
				CLANG_WARN_OBJC_IMPLICIT_RETAIN_SELF = YES;
				CLANG_WARN_OBJC_LITERAL_CONVERSION = YES;
				CLANG_WARN_OBJC_ROOT_CLASS = YES_ERROR;
				CLANG_WARN_QUOTED_INCLUDE_IN_FRAMEWORK_HEADER = YES;
				CLANG_WARN_RANGE_LOOP_ANALYSIS = YES;
				CLANG_WARN_STRICT_PROTOTYPES = YES;
				CLANG_WARN_SUSPICIOUS_MOVE = YES;
				CLANG_WARN_UNGUARDED_AVAILABILITY = YES_AGGRESSIVE;
				CLANG_WARN_UNREACHABLE_CODE = YES;
				CLANG_WARN__DUPLICATE_METHOD_MATCH = YES;
				COPY_PHASE_STRIP = NO;
				DEBUG_INFORMATION_FORMAT = "dwarf-with-dsym";
				ENABLE_NS_ASSERTIONS = NO;
				ENABLE_STRICT_OBJC_MSGSEND = YES;
				GCC_C_LANGUAGE_STANDARD = gnu11;
				GCC_NO_COMMON_BLOCKS = YES;
				GCC_WARN_64_TO_32_BIT_CONVERSION = YES;
				GCC_WARN_ABOUT_RETURN_TYPE = YES_ERROR;
				GCC_WARN_UNDECLARED_SELECTOR = YES;
				GCC_WARN_UNINITIALIZED_AUTOS = YES_AGGRESSIVE;
				GCC_WARN_UNUSED_FUNCTION = YES;
				GCC_WARN_UNUSED_VARIABLE = YES;
				IPHONEOS_DEPLOYMENT_TARGET = 16.4;
				MTL_ENABLE_DEBUG_INFO = NO;
				MTL_FAST_MATH = YES;
				SDKROOT = iphoneos;
				SWIFT_COMPILATION_MODE = wholemodule;
				SWIFT_OPTIMIZATION_LEVEL = "-O";
				VALIDATE_PRODUCT = YES;
			};
			name = Release;
		};
		71AB64892AA5E6D0009A2B6F /* Debug */ = {
			isa = XCBuildConfiguration;
			buildSettings = {
				ASSETCATALOG_COMPILER_APPICON_NAME = AppIcon;
				ASSETCATALOG_COMPILER_GLOBAL_ACCENT_COLOR_NAME = AccentColor;
				CODE_SIGN_STYLE = Automatic;
				CURRENT_PROJECT_VERSION = 1;
				DEVELOPMENT_ASSET_PATHS = "\"lesson3/Preview Content\"";
				ENABLE_PREVIEWS = YES;
				GENERATE_INFOPLIST_FILE = YES;
				INFOPLIST_KEY_UIApplicationSceneManifest_Generation = YES;
				INFOPLIST_KEY_UIApplicationSupportsIndirectInputEvents = YES;
				INFOPLIST_KEY_UILaunchScreen_Generation = YES;
				INFOPLIST_KEY_UISupportedInterfaceOrientations_iPad = "UIInterfaceOrientationPortrait UIInterfaceOrientationPortraitUpsideDown UIInterfaceOrientationLandscapeLeft UIInterfaceOrientationLandscapeRight";
				INFOPLIST_KEY_UISupportedInterfaceOrientations_iPhone = "UIInterfaceOrientationPortrait UIInterfaceOrientationLandscapeLeft UIInterfaceOrientationLandscapeRight";
				LD_RUNPATH_SEARCH_PATHS = (
					"$(inherited)",
					"@executable_path/Frameworks",
				);
				MARKETING_VERSION = 1.0;
				PRODUCT_BUNDLE_IDENTIFIER = com.rinseo.lesson3;
				PRODUCT_NAME = "$(TARGET_NAME)";
				SWIFT_EMIT_LOC_STRINGS = YES;
				SWIFT_VERSION = 5.0;
				TARGETED_DEVICE_FAMILY = "1,2";
			};
			name = Debug;
		};
		71AB648A2AA5E6D0009A2B6F /* Release */ = {
			isa = XCBuildConfiguration;
			buildSettings = {
				ASSETCATALOG_COMPILER_APPICON_NAME = AppIcon;
				ASSETCATALOG_COMPILER_GLOBAL_ACCENT_COLOR_NAME = AccentColor;
				CODE_SIGN_STYLE = Automatic;
				CURRENT_PROJECT_VERSION = 1;
				DEVELOPMENT_ASSET_PATHS = "\"lesson3/Preview Content\"";
				ENABLE_PREVIEWS = YES;
				GENERATE_INFOPLIST_FILE = YES;
				INFOPLIST_KEY_UIApplicationSceneManifest_Generation = YES;
				INFOPLIST_KEY_UIApplicationSupportsIndirectInputEvents = YES;
				INFOPLIST_KEY_UILaunchScreen_Generation = YES;
				INFOPLIST_KEY_UISupportedInterfaceOrientations_iPad = "UIInterfaceOrientationPortrait UIInterfaceOrientationPortraitUpsideDown UIInterfaceOrientationLandscapeLeft UIInterfaceOrientationLandscapeRight";
				INFOPLIST_KEY_UISupportedInterfaceOrientations_iPhone = "UIInterfaceOrientationPortrait UIInterfaceOrientationLandscapeLeft UIInterfaceOrientationLandscapeRight";
				LD_RUNPATH_SEARCH_PATHS = (
					"$(inherited)",
					"@executable_path/Frameworks",
				);
				MARKETING_VERSION = 1.0;
				PRODUCT_BUNDLE_IDENTIFIER = com.rinseo.lesson3;
				PRODUCT_NAME = "$(TARGET_NAME)";
				SWIFT_EMIT_LOC_STRINGS = YES;
				SWIFT_VERSION = 5.0;
				TARGETED_DEVICE_FAMILY = "1,2";
			};
			name = Release;
		};
/* End XCBuildConfiguration section */

/* Begin XCConfigurationList section */
		71751E8A2AC2F46000897EAF /* Build configuration list for PBXNativeTarget "lesson3Tests" */ = {
			isa = XCConfigurationList;
			buildConfigurations = (
				71751E8B2AC2F46000897EAF /* Debug */,
				71751E8C2AC2F46000897EAF /* Release */,
			);
			defaultConfigurationIsVisible = 0;
			defaultConfigurationName = Release;
		};
		71AB64752AA5E6CD009A2B6F /* Build configuration list for PBXProject "lesson3" */ = {
			isa = XCConfigurationList;
			buildConfigurations = (
				71AB64862AA5E6D0009A2B6F /* Debug */,
				71AB64872AA5E6D0009A2B6F /* Release */,
			);
			defaultConfigurationIsVisible = 0;
			defaultConfigurationName = Release;
		};
		71AB64882AA5E6D0009A2B6F /* Build configuration list for PBXNativeTarget "lesson3" */ = {
			isa = XCConfigurationList;
			buildConfigurations = (
				71AB64892AA5E6D0009A2B6F /* Debug */,
				71AB648A2AA5E6D0009A2B6F /* Release */,
			);
			defaultConfigurationIsVisible = 0;
			defaultConfigurationName = Release;
		};
/* End XCConfigurationList section */

/* Begin XCRemoteSwiftPackageReference section */
		71B302C82AC1984800D9C528 /* XCRemoteSwiftPackageReference "keychain-swift" */ = {
			isa = XCRemoteSwiftPackageReference;
			repositoryURL = "https://github.com/evgenyneu/keychain-swift.git";
			requirement = {
				kind = upToNextMajorVersion;
				minimumVersion = 20.0.0;
			};
		};
/* End XCRemoteSwiftPackageReference section */

/* Begin XCSwiftPackageProductDependency section */
		71B302C92AC1984900D9C528 /* KeychainSwift */ = {
			isa = XCSwiftPackageProductDependency;
			package = 71B302C82AC1984800D9C528 /* XCRemoteSwiftPackageReference "keychain-swift" */;
			productName = KeychainSwift;
		};
/* End XCSwiftPackageProductDependency section */
	};
	rootObject = 71AB64722AA5E6CD009A2B6F /* Project object */;
}
